
Microsoft Visual Studio Solution File, Format Version 12.00
# Visual Studio Version 16
VisualStudioVersion = 16.0.30413.136
MinimumVisualStudioVersion = 10.0.40219.1
Project("{FAE04EC0-301F-11D3-BF4B-00C04F79EFBC}") = "ProductCartConsoleApp", "ProductCartConsoleApp.csproj", "{7794FCEC-9A2B-4560-BD61-3855619DC3A3}"
EndProject
Project("{FAE04EC0-301F-11D3-BF4B-00C04F79EFBC}") = "UnitTestProject", "..\UnitTestProject\UnitTestProject.csproj", "{EEB8DE81-CF7B-4AC0-8328-B06A8730ABF8}"
EndProject
Global
	GlobalSection(SolutionConfigurationPlatforms) = preSolution
		Debug|Any CPU = Debug|Any CPU
		Release|Any CPU = Release|Any CPU
	EndGlobalSection
	GlobalSection(ProjectConfigurationPlatforms) = postSolution
		{7794FCEC-9A2B-4560-BD61-3855619DC3A3}.Debug|Any CPU.ActiveCfg = Debug|Any CPU
		{7794FCEC-9A2B-4560-BD61-3855619DC3A3}.Debug|Any CPU.Build.0 = Debug|Any CPU
		{7794FCEC-9A2B-4560-BD61-3855619DC3A3}.Release|Any CPU.ActiveCfg = Release|Any CPU
		{7794FCEC-9A2B-4560-BD61-3855619DC3A3}.Release|Any CPU.Build.0 = Release|Any CPU
		{EEB8DE81-CF7B-4AC0-8328-B06A8730ABF8}.Debug|Any CPU.ActiveCfg = Debug|Any CPU
		{EEB8DE81-CF7B-4AC0-8328-B06A8730ABF8}.Debug|Any CPU.Build.0 = Debug|Any CPU
		{EEB8DE81-CF7B-4AC0-8328-B06A8730ABF8}.Release|Any CPU.ActiveCfg = Release|Any CPU
		{EEB8DE81-CF7B-4AC0-8328-B06A8730ABF8}.Release|Any CPU.Build.0 = Release|Any CPU
	EndGlobalSection
	GlobalSection(SolutionProperties) = preSolution
		HideSolutionNode = FALSE
	EndGlobalSection
	GlobalSection(ExtensibilityGlobals) = postSolution
		SolutionGuid = {569363C6-B1D6-4A1C-B684-DE42CD880AAE}
	EndGlobalSection
EndGlobal
